{
  "nodes": {
    "nixpkgs": {
      "locked": {
        "lastModified": 1708475490,
        "narHash": "sha256-g1v0TsWBQPX97ziznfJdWhgMyMGtoBFs102xSYO4syU=",
        "owner": "NixOS",
        "repo": "nixpkgs",
        "rev": "0e74ca98a74bc7270d28838369593635a5db3260",
        "type": "github"
      },
      "original": {
        "owner": "NixOS",
        "ref": "nixos-unstable",
        "repo": "nixpkgs",
        "type": "github"
      }
    },
    "opentofu-registry": {
      "flake": false,
      "locked": {
        "lastModified": 1708777211,
        "narHash": "sha256-o7B4N9ccXeMcZl42NP+ddC05+h86sdH4v0yOW2xaD54=",
        "owner": "opentofu",
        "repo": "registry",
        "rev": "5e26ecf04a5c44ddc618883b60eb1ffdaa4389a4",
        "type": "github"
      },
      "original": {
        "owner": "opentofu",
        "repo": "registry",
        "type": "github"
      }
    },
    "root": {
      "inputs": {
        "nixpkgs": "nixpkgs",
        "opentofu-registry": "opentofu-registry",
        "systems": "systems",
        "treefmt-nix": "treefmt-nix"
      }
    },
    "systems": {
      "locked": {
        "lastModified": 1681028828,
        "narHash": "sha256-Vy1rq5AaRuLzOxct8nz4T6wlgyUR7zLU309k9mBC768=",
        "owner": "nix-systems",
        "repo": "default",
        "rev": "da67096a3b9bf56a91d16901293e51ba5b49a27e",
        "type": "github"
      },
      "original": {
        "owner": "nix-systems",
        "repo": "default",
        "type": "github"
      }
    },
    "treefmt-nix": {
      "inputs": {
        "nixpkgs": [
          "nixpkgs"
        ]
      },
      "locked": {
        "lastModified": 1708681819,
        "narHash": "sha256-+YIvy0dDZw8KIFVPS9i+mTHf2RqSJ0+dBB9AXBvDTks=",
        "owner": "numtide",
        "repo": "treefmt-nix",
        "rev": "36fd6923c122a983bc3915692e6cb3ff341ef083",
        "type": "github"
      },
      "original": {
        "owner": "numtide",
        "repo": "treefmt-nix",
        "type": "github"
      }
    }
  },
  "root": "root",
  "version": 7
}
